
Microsoft Visual Studio Solution File, Format Version 12.00
# Visual Studio Version 17
VisualStudioVersion = 17.4.33403.182
MinimumVisualStudioVersion = 10.0.40219.1
Project("{FAE04EC0-301F-11D3-BF4B-00C04F79EFBC}") = "IPResolverOverSecureDNS", "IPResolverOverSecureDNS.csproj", "{316B351B-DB9A-450A-9CE9-05CFAD7A8CBC}"
EndProject
Global
	GlobalSection(SolutionConfigurationPlatforms) = preSolution
		Debug|Any CPU = Debug|Any CPU
		Release|Any CPU = Release|Any CPU
	EndGlobalSection
	GlobalSection(ProjectConfigurationPlatforms) = postSolution
		{316B351B-DB9A-450A-9CE9-05CFAD7A8CBC}.Debug|Any CPU.ActiveCfg = Debug|Any CPU
		{316B351B-DB9A-450A-9CE9-05CFAD7A8CBC}.Debug|Any CPU.Build.0 = Debug|Any CPU
		{316B351B-DB9A-450A-9CE9-05CFAD7A8CBC}.Release|Any CPU.ActiveCfg = Release|Any CPU
		{316B351B-DB9A-450A-9CE9-05CFAD7A8CBC}.Release|Any CPU.Build.0 = Release|Any CPU
	EndGlobalSection
	GlobalSection(SolutionProperties) = preSolution
		HideSolutionNode = FALSE
	EndGlobalSection
	GlobalSection(ExtensibilityGlobals) = postSolution
		SolutionGuid = {BE35278E-3C57-4FF3-9EA8-114178E346DE}
	EndGlobalSection
EndGlobal
